
Microsoft Visual Studio Solution File, Format Version 12.00
# Visual Studio Version 17
VisualStudioVersion = 17.2.32630.192
MinimumVisualStudioVersion = 10.0.40219.1
Project("{FAE04EC0-301F-11D3-BF4B-00C04F79EFBC}") = "BestBuyPractices", "BestBuyPractices\BestBuyPractices.csproj", "{C49F1D41-B0BA-451B-8CE6-B9D79DE71827}"
EndProject
Global
	GlobalSection(SolutionConfigurationPlatforms) = preSolution
		Debug|Any CPU = Debug|Any CPU
		Release|Any CPU = Release|Any CPU
	EndGlobalSection
	GlobalSection(ProjectConfigurationPlatforms) = postSolution
		{C49F1D41-B0BA-451B-8CE6-B9D79DE71827}.Debug|Any CPU.ActiveCfg = Debug|Any CPU
		{C49F1D41-B0BA-451B-8CE6-B9D79DE71827}.Debug|Any CPU.Build.0 = Debug|Any CPU
		{C49F1D41-B0BA-451B-8CE6-B9D79DE71827}.Release|Any CPU.ActiveCfg = Release|Any CPU
		{C49F1D41-B0BA-451B-8CE6-B9D79DE71827}.Release|Any CPU.Build.0 = Release|Any CPU
	EndGlobalSection
	GlobalSection(SolutionProperties) = preSolution
		HideSolutionNode = FALSE
	EndGlobalSection
	GlobalSection(ExtensibilityGlobals) = postSolution
		SolutionGuid = {8B0491FE-00EE-4A6A-B91D-939935885402}
	EndGlobalSection
EndGlobal
